{
    "_readme": [
        "This file locks the dependencies of your project to a known state",
        "Read more about it at https://getcomposer.org/doc/01-basic-usage.md#composer-lock-the-lock-file",
        "This file is @generated automatically"
    ],
    "hash": "ebad8304cd15f7728c7c6a688ec313a5",
    "content-hash": "09d3077d6465aa08103f0f9459ebe7f5",
    "packages": [
        {
            "name": "arc/base",
            "version": "1.1",
            "source": {
                "type": "git",
                "url": "https://github.com/Ariadne-CMS/arc-base.git",
                "reference": "79b7f0980b7e3a408905b63e5a9d8917610d4a33"
            },
            "dist": {
                "type": "zip",
                "url": "https://api.github.com/repos/Ariadne-CMS/arc-base/zipball/79b7f0980b7e3a408905b63e5a9d8917610d4a33",
                "reference": "79b7f0980b7e3a408905b63e5a9d8917610d4a33",
                "shasum": ""
            },
            "require": {
                "php": ">=5.4"
            },
            "type": "library",
            "autoload": {
                "psr-4": {
                    "arc\\": "src/"
                }
            },
            "notification-url": "https://packagist.org/downloads/",
            "license": [
                "MIT"
            ],
            "authors": [
                {
                    "name": "Auke van Slooten",
                    "email": "auke@muze.nl"
                }
            ],
            "description": "Ariadne Component Library",
            "homepage": "https://github.com/Ariadne-CMS/arc/wiki",
            "keywords": [
                "component",
                "components"
            ],
            "time": "2014-07-02 11:50:51"
        },
        {
            "name": "arc/web",
            "version": "1.1",
            "source": {
                "type": "git",
                "url": "https://github.com/Ariadne-CMS/arc-web.git",
                "reference": "d0640720c0156ff220465b1aa777e67e21e2f06f"
            },
            "dist": {
                "type": "zip",
                "url": "https://api.github.com/repos/Ariadne-CMS/arc-web/zipball/d0640720c0156ff220465b1aa777e67e21e2f06f",
                "reference": "d0640720c0156ff220465b1aa777e67e21e2f06f",
                "shasum": ""
            },
            "require": {
                "arc/base": "~1.0",
                "php": ">=5.4"
            },
            "type": "library",
            "autoload": {
                "psr-4": {
                    "arc\\": "src/"
                }
            },
            "notification-url": "https://packagist.org/downloads/",
            "license": [
                "MIT"
            ],
            "authors": [
                {
                    "name": "Auke van Slooten",
                    "email": "auke@muze.nl"
                }
            ],
            "description": "Ariadne Component Library: Web Components",
            "homepage": "https://github.com/Ariadne-CMS/arc/wiki",
            "keywords": [
                "component",
                "components"
            ],
            "time": "2014-06-30 12:07:48"
        },
        {
            "name": "league/flysystem",
            "version": "1.0.15",
            "source": {
                "type": "git",
                "url": "https://github.com/thephpleague/flysystem.git",
                "reference": "31525caf9e8772683672fefd8a1ca0c0736020f4"
            },
            "dist": {
                "type": "zip",
                "url": "https://api.github.com/repos/thephpleague/flysystem/zipball/31525caf9e8772683672fefd8a1ca0c0736020f4",
                "reference": "31525caf9e8772683672fefd8a1ca0c0736020f4",
                "shasum": ""
            },
            "require": {
                "php": ">=5.4.0"
            },
            "conflict": {
                "league/flysystem-sftp": "<1.0.6"
            },
            "require-dev": {
                "ext-fileinfo": "*",
                "mockery/mockery": "~0.9",
                "phpspec/phpspec": "^2.2",
                "phpspec/prophecy-phpunit": "~1.0",
                "phpunit/phpunit": "~4.1"
            },
            "suggest": {
                "ext-fileinfo": "Required for MimeType",
                "league/flysystem-aws-s3-v2": "Allows you to use S3 storage with AWS SDK v2",
                "league/flysystem-aws-s3-v3": "Allows you to use S3 storage with AWS SDK v3",
                "league/flysystem-azure": "Allows you to use Windows Azure Blob storage",
                "league/flysystem-cached-adapter": "Flysystem adapter decorator for metadata caching",
                "league/flysystem-copy": "Allows you to use Copy.com storage",
                "league/flysystem-dropbox": "Allows you to use Dropbox storage",
                "league/flysystem-eventable-filesystem": "Allows you to use EventableFilesystem",
                "league/flysystem-rackspace": "Allows you to use Rackspace Cloud Files",
                "league/flysystem-sftp": "Allows you to use SFTP server storage via phpseclib",
                "league/flysystem-webdav": "Allows you to use WebDAV storage",
                "league/flysystem-ziparchive": "Allows you to use ZipArchive adapter"
            },
            "type": "library",
            "extra": {
                "branch-alias": {
                    "dev-master": "1.1-dev"
                }
            },
            "autoload": {
                "psr-4": {
                    "League\\Flysystem\\": "src/"
                }
            },
            "notification-url": "https://packagist.org/downloads/",
            "license": [
                "MIT"
            ],
            "authors": [
                {
                    "name": "Frank de Jonge",
                    "email": "info@frenky.net"
                }
            ],
            "description": "Filesystem abstraction: Many filesystems, one API.",
            "keywords": [
                "Cloud Files",
                "WebDAV",
                "abstraction",
                "aws",
                "cloud",
                "copy.com",
                "dropbox",
                "file systems",
                "files",
                "filesystem",
                "filesystems",
                "ftp",
                "rackspace",
                "remote",
                "s3",
                "sftp",
                "storage"
            ],
            "time": "2015-09-30 22:26:59"
        },
        {
            "name": "league/flysystem-cached-adapter",
            "version": "1.0.2",
            "source": {
                "type": "git",
                "url": "https://github.com/thephpleague/flysystem-cached-adapter.git",
                "reference": "7bb5cd9d996904cf43d7da8ba45a724ff8c7ef14"
            },
            "dist": {
                "type": "zip",
                "url": "https://api.github.com/repos/thephpleague/flysystem-cached-adapter/zipball/7bb5cd9d996904cf43d7da8ba45a724ff8c7ef14",
                "reference": "7bb5cd9d996904cf43d7da8ba45a724ff8c7ef14",
                "shasum": ""
            },
            "require": {
                "league/flysystem": "~1.0"
            },
            "require-dev": {
                "henrikbjorn/phpspec-code-coverage": "~1.0@dev",
                "mockery/mockery": "~0.9",
                "phpspec/phpspec": "~2.1",
                "phpunit/phpunit": "~4.1",
                "predis/predis": "~1.0",
                "tedivm/stash": "~0.12"
            },
            "suggest": {
                "ext-phpredis": "Pure C implemented extension for PHP"
            },
            "type": "library",
            "autoload": {
                "psr-4": {
                    "League\\Flysystem\\Cached\\": "src/"
                }
            },
            "notification-url": "https://packagist.org/downloads/",
            "license": [
                "MIT"
            ],
            "authors": [
                {
                    "name": "frankdejonge",
                    "email": "info@frenky.net"
                }
            ],
            "description": "An adapter decorator to enable meta-data caching.",
            "time": "2015-07-09 21:00:39"
        },
        {
            "name": "league/flysystem-webdav",
            "version": "1.0.1",
            "source": {
                "type": "git",
                "url": "https://github.com/thephpleague/flysystem-webdav.git",
                "reference": "5eac573d7250f768e91f55f396a98765c9cd1be2"
            },
            "dist": {
                "type": "zip",
                "url": "https://api.github.com/repos/thephpleague/flysystem-webdav/zipball/5eac573d7250f768e91f55f396a98765c9cd1be2",
                "reference": "5eac573d7250f768e91f55f396a98765c9cd1be2",
                "shasum": ""
            },
            "require": {
                "league/flysystem": "~1.0",
                "php": ">=5.4.0",
                "sabre/dav": "~2.0"
            },
            "require-dev": {
                "mockery/mockery": "~0.9",
                "phpunit/phpunit": "~4.0"
            },
            "type": "library",
            "extra": {
                "branch-alias": {
                    "dev-master": "1.0-dev"
                }
            },
            "autoload": {
                "psr-4": {
                    "League\\Flysystem\\WebDAV\\": "src"
                }
            },
            "notification-url": "https://packagist.org/downloads/",
            "license": [
                "MIT"
            ],
            "authors": [
                {
                    "name": "Frank de Jonge",
                    "email": "info@frenky.net"
                }
            ],
            "description": "Flysystem adapter for WebDAV",
            "time": "2015-05-18 19:55:15"
        },
        {
            "name": "sabre/dav",
            "version": "2.1.7",
            "source": {
                "type": "git",
                "url": "https://github.com/fruux/sabre-dav.git",
                "reference": "49a666925986af425626f223c30b855967e6a830"
            },
            "dist": {
                "type": "zip",
                "url": "https://api.github.com/repos/fruux/sabre-dav/zipball/49a666925986af425626f223c30b855967e6a830",
                "reference": "49a666925986af425626f223c30b855967e6a830",
                "shasum": ""
            },
            "require": {
                "ext-ctype": "*",
                "ext-date": "*",
                "ext-dom": "*",
                "ext-iconv": "*",
                "ext-libxml": "*",
                "ext-mbstring": "*",
                "ext-pcre": "*",
                "ext-simplexml": "*",
                "ext-spl": "*",
                "php": ">=5.4.1",
                "sabre/event": "~2.0.0",
                "sabre/http": "~3.0.0",
                "sabre/vobject": ">=3.3.4 <4"
            },
            "require-dev": {
                "evert/phpdoc-md": "~0.1.0",
                "phpunit/phpunit": "~4.2",
                "squizlabs/php_codesniffer": "~1.5.3"
            },
            "suggest": {
                "ext-curl": "*",
                "ext-pdo": "*"
            },
            "bin": [
                "bin/sabredav",
                "bin/naturalselection"
            ],
            "type": "library",
            "autoload": {
                "psr-4": {
                    "Sabre\\DAV\\": "lib/DAV/",
                    "Sabre\\DAVACL\\": "lib/DAVACL/",
                    "Sabre\\CalDAV\\": "lib/CalDAV/",
                    "Sabre\\CardDAV\\": "lib/CardDAV/"
                }
            },
            "notification-url": "https://packagist.org/downloads/",
            "license": [
                "BSD-3-Clause"
            ],
            "authors": [
                {
                    "name": "Evert Pot",
                    "email": "me@evertpot.com",
                    "homepage": "http://evertpot.com/",
                    "role": "Developer"
                }
            ],
            "description": "WebDAV Framework for PHP",
            "homepage": "http://sabre.io/",
            "keywords": [
                "CalDAV",
                "CardDAV",
                "WebDAV",
                "framework",
                "iCalendar"
            ],
            "time": "2015-09-04 22:20:39"
        },
        {
            "name": "sabre/event",
            "version": "2.0.2",
            "source": {
                "type": "git",
                "url": "https://github.com/fruux/sabre-event.git",
                "reference": "337b6f5e10ea6e0b21e22c7e5788dd3883ae73ff"
            },
            "dist": {
                "type": "zip",
                "url": "https://api.github.com/repos/fruux/sabre-event/zipball/337b6f5e10ea6e0b21e22c7e5788dd3883ae73ff",
                "reference": "337b6f5e10ea6e0b21e22c7e5788dd3883ae73ff",
                "shasum": ""
            },
            "require": {
                "php": ">=5.4.1"
            },
            "require-dev": {
                "phpunit/phpunit": "*",
                "sabre/cs": "~0.0.1"
            },
            "type": "library",
            "autoload": {
                "psr-4": {
                    "Sabre\\Event\\": "lib/"
                }
            },
            "notification-url": "https://packagist.org/downloads/",
            "license": [
                "BSD-3-Clause"
            ],
            "authors": [
                {
                    "name": "Evert Pot",
                    "email": "me@evertpot.com",
                    "homepage": "http://evertpot.com/",
                    "role": "Developer"
                }
            ],
            "description": "sabre/event is a library for lightweight event-based programming",
            "homepage": "http://sabre.io/event/",
            "keywords": [
                "EventEmitter",
                "events",
                "hooks",
                "plugin",
                "promise",
                "signal"
            ],
            "time": "2015-05-19 10:24:22"
        },
        {
            "name": "sabre/http",
            "version": "3.0.5",
            "source": {
                "type": "git",
                "url": "https://github.com/fruux/sabre-http.git",
                "reference": "6b06c03376219b3d608e1f878514ec105ed1b577"
            },
            "dist": {
                "type": "zip",
                "url": "https://api.github.com/repos/fruux/sabre-http/zipball/6b06c03376219b3d608e1f878514ec105ed1b577",
                "reference": "6b06c03376219b3d608e1f878514ec105ed1b577",
                "shasum": ""
            },
            "require": {
                "ext-mbstring": "*",
                "php": ">=5.4",
                "sabre/event": ">=1.0.0,<3.0.0"
            },
            "require-dev": {
                "phpunit/phpunit": "~4.3",
                "squizlabs/php_codesniffer": "~1.5.3"
            },
            "suggest": {
                "ext-curl": " to make http requests with the Client class"
            },
            "type": "library",
            "autoload": {
                "psr-4": {
                    "Sabre\\HTTP\\": "lib/"
                }
            },
            "notification-url": "https://packagist.org/downloads/",
            "license": [
                "BSD-3-Clause"
            ],
            "authors": [
                {
                    "name": "Evert Pot",
                    "email": "me@evertpot.com",
                    "homepage": "http://evertpot.com/",
                    "role": "Developer"
                }
            ],
            "description": "The sabre/http library provides utilities for dealing with http requests and responses. ",
            "homepage": "https://github.com/fruux/sabre-http",
            "keywords": [
                "http"
            ],
            "time": "2015-05-11 15:25:57"
        },
        {
            "name": "sabre/vobject",
            "version": "3.4.7",
            "source": {
                "type": "git",
                "url": "https://github.com/fruux/sabre-vobject.git",
                "reference": "7b3690545451159fc608dfac6696110f6770ff5d"
            },
            "dist": {
                "type": "zip",
                "url": "https://api.github.com/repos/fruux/sabre-vobject/zipball/7b3690545451159fc608dfac6696110f6770ff5d",
                "reference": "7b3690545451159fc608dfac6696110f6770ff5d",
                "shasum": ""
            },
            "require": {
                "ext-mbstring": "*",
                "php": ">=5.3.1"
            },
            "require-dev": {
                "phpunit/phpunit": "*",
                "squizlabs/php_codesniffer": "*"
            },
            "bin": [
                "bin/vobject",
                "bin/generate_vcards"
            ],
            "type": "library",
            "extra": {
                "branch-alias": {
                    "dev-master": "3.2.x-dev"
                }
            },
            "autoload": {
                "psr-4": {
                    "Sabre\\VObject\\": "lib/"
                }
            },
            "notification-url": "https://packagist.org/downloads/",
            "license": [
                "BSD-3-Clause"
            ],
            "authors": [
                {
                    "name": "Evert Pot",
                    "email": "me@evertpot.com",
                    "homepage": "http://evertpot.com/",
                    "role": "Developer"
                },
                {
                    "name": "Dominik Tobschall",
                    "email": "dominik@fruux.com",
                    "homepage": "http://tobschall.de/",
                    "role": "Developer"
                }
            ],
            "description": "The VObject library for PHP allows you to easily parse and manipulate iCalendar and vCard objects",
            "homepage": "http://sabre.io/vobject/",
            "keywords": [
                "VObject",
                "iCalendar",
                "jCal",
                "jCard",
                "vCard"
            ],
            "time": "2015-09-04 15:17:58"
        }
    ],
    "packages-dev": [
        {
            "name": "heroku/heroku-buildpack-php",
            "version": "v83",
            "source": {
                "type": "git",
                "url": "https://github.com/heroku/heroku-buildpack-php.git",
                "reference": "71f0f07375eed9f0e8417d290192e9331cbbb4cd"
            },
            "dist": {
                "type": "zip",
                "url": "https://api.github.com/repos/heroku/heroku-buildpack-php/zipball/71f0f07375eed9f0e8417d290192e9331cbbb4cd",
                "reference": "71f0f07375eed9f0e8417d290192e9331cbbb4cd",
                "shasum": ""
            },
            "bin": [
                "bin/heroku-hhvm-apache2",
                "bin/heroku-hhvm-nginx",
                "bin/heroku-php-apache2",
                "bin/heroku-php-nginx"
            ],
            "type": "library",
            "notification-url": "https://packagist.org/downloads/",
            "license": [
                "MIT"
            ],
            "authors": [
                {
                    "name": "David Zuelke",
                    "email": "dz@heroku.com"
                }
            ],
            "description": "Toolkit for starting a PHP application locally, with or without foreman, using the same config for PHP/HHVM and Apache2/Nginx as on Heroku",
            "homepage": "http://github.com/heroku/heroku-buildpack-php",
            "keywords": [
                "apache",
                "apache2",
                "foreman",
                "heroku",
                "hhvm",
                "nginx",
                "php"
            ],
            "time": "2015-11-16 16:11:11"
        }
    ],
    "aliases": [],
    "minimum-stability": "stable",
    "stability-flags": [],
    "prefer-stable": false,
    "prefer-lowest": false,
    "platform": [],
    "platform-dev": []
}
